# THIS IS AN AUTOGENERATED FILE. DO NOT EDIT THIS FILE DIRECTLY.
# yarn lockfile v1


create-next-app@^12.1.0:
  version "12.1.0"
  resolved "https://registry.yarnpkg.com/create-next-app/-/create-next-app-12.1.0.tgz#e9563a44e87a21bc3a813174d7d6b6e056769271"
  integrity sha512-4n28aR1K/Gheui4RRsMkWyGjTXSCZF++n9xAClumImIyDKwmV+rzGHzoJEkndIWDqBviFJ7SttlB4rYWDa4vpg==
